// !$*UTF8*$!
{
	archiveVersion = 1;
	classes = {
	};
	objectVersion = 51;
	objects = {

/* Begin PBXBuildFile section */
		1C4EB4E7DEE0652896A1AA86 /* Pods_BoringApp.framework in Frameworks */ = {isa = PBXBuildFile; fileRef = 66D99AEBAC04D31549A040E5 /* Pods_BoringApp.framework */; };
		3B3B8FEC2712F50800976E15 /* BoringCollectionViewCell.swift in Sources */ = {isa = PBXBuildFile; fileRef = 3B3B8FEB2712F50800976E15 /* BoringCollectionViewCell.swift */; };
		3B3B8FF3271304CD00976E15 /* UIHelper.swift in Sources */ = {isa = PBXBuildFile; fileRef = 3B3B8FF2271304CD00976E15 /* UIHelper.swift */; };
		3B455DC62713821B00D7FEE7 /* CollectionTypeBlock.swift in Sources */ = {isa = PBXBuildFile; fileRef = 3B455DC52713821B00D7FEE7 /* CollectionTypeBlock.swift */; };
		3B5CA0BA27024C2100124469 /* BoringApp.xcdatamodeld in Sources */ = {isa = PBXBuildFile; fileRef = 3B5CA0B827024C2100124469 /* BoringApp.xcdatamodeld */; };
		3B67845726FFB330000919AB /* UIColor+ext.swift in Sources */ = {isa = PBXBuildFile; fileRef = 3B67845626FFB330000919AB /* UIColor+ext.swift */; };
		3B7AD2882702601200A8733F /* DataBaseManager.swift in Sources */ = {isa = PBXBuildFile; fileRef = 3B7AD2872702601200A8733F /* DataBaseManager.swift */; };
		3B7AD28C2702854D00A8733F /* BoringCell.swift in Sources */ = {isa = PBXBuildFile; fileRef = 3B7AD28B2702854D00A8733F /* BoringCell.swift */; };
		3B7AD28F270286FA00A8733F /* FavoritesViewController.swift in Sources */ = {isa = PBXBuildFile; fileRef = 3B7AD28E270286FA00A8733F /* FavoritesViewController.swift */; };
		3B8B44C626FD078300C7E60D /* SettingsViewController.swift in Sources */ = {isa = PBXBuildFile; fileRef = 3B8B44C526FD078300C7E60D /* SettingsViewController.swift */; };
		3B921FF526FD1DD4006F2F3C /* ParticipantsBlock.swift in Sources */ = {isa = PBXBuildFile; fileRef = 3B921FF426FD1DD4006F2F3C /* ParticipantsBlock.swift */; };
		3B921FFC26FD2359006F2F3C /* PriceBlock.swift in Sources */ = {isa = PBXBuildFile; fileRef = 3B921FFB26FD2359006F2F3C /* PriceBlock.swift */; };
		3B92200026FD33C8006F2F3C /* SettingsViewBlock.swift in Sources */ = {isa = PBXBuildFile; fileRef = 3B921FFF26FD33C8006F2F3C /* SettingsViewBlock.swift */; };
		3BD16F0B2700799F001586BF /* BoringStackView.swift in Sources */ = {isa = PBXBuildFile; fileRef = 3BD16F0A2700799F001586BF /* BoringStackView.swift */; };
		3BD16F0F27008D45001586BF /* UIViewController+ext.swift in Sources */ = {isa = PBXBuildFile; fileRef = 3BD16F0E27008D45001586BF /* UIViewController+ext.swift */; };
		3BD16F1C2700D89C001586BF /* NotificationCenter.swift in Sources */ = {isa = PBXBuildFile; fileRef = 3BD16F1B2700D89C001586BF /* NotificationCenter.swift */; };
		3BD16F1F2700E2CF001586BF /* HalfBoredActivity.swift in Sources */ = {isa = PBXBuildFile; fileRef = 3BD16F1E2700E2CF001586BF /* HalfBoredActivity.swift */; };
		3BF3B80626FB40F2006340DD /* ActivityLabel.swift in Sources */ = {isa = PBXBuildFile; fileRef = 3BF3B80526FB40F2006340DD /* ActivityLabel.swift */; };
		3BF3B80F26FB7EB3006340DD /* Constants.swift in Sources */ = {isa = PBXBuildFile; fileRef = 3BF3B80E26FB7EB3006340DD /* Constants.swift */; };
		3BF3B82026FBBE77006340DD /* BoringButton.swift in Sources */ = {isa = PBXBuildFile; fileRef = 3BF3B81F26FBBE77006340DD /* BoringButton.swift */; };
		3BF3B82726FBC2A9006340DD /* Protocols.swift in Sources */ = {isa = PBXBuildFile; fileRef = 3BF3B82626FBC2A9006340DD /* Protocols.swift */; };
		3BF3B82D26FBC45B006340DD /* MyImageView.swift in Sources */ = {isa = PBXBuildFile; fileRef = 3BF3B82C26FBC45B006340DD /* MyImageView.swift */; };
		3BFACDF226FA54030021FBC3 /* AppDelegate.swift in Sources */ = {isa = PBXBuildFile; fileRef = 3BFACDF126FA54030021FBC3 /* AppDelegate.swift */; };
		3BFACDF426FA54030021FBC3 /* SceneDelegate.swift in Sources */ = {isa = PBXBuildFile; fileRef = 3BFACDF326FA54030021FBC3 /* SceneDelegate.swift */; };
		3BFACDF626FA54030021FBC3 /* ViewController.swift in Sources */ = {isa = PBXBuildFile; fileRef = 3BFACDF526FA54030021FBC3 /* ViewController.swift */; };
		3BFACDFB26FA54060021FBC3 /* Assets.xcassets in Resources */ = {isa = PBXBuildFile; fileRef = 3BFACDFA26FA54060021FBC3 /* Assets.xcassets */; };
		3BFACDFE26FA54060021FBC3 /* LaunchScreen.storyboard in Resources */ = {isa = PBXBuildFile; fileRef = 3BFACDFC26FA54060021FBC3 /* LaunchScreen.storyboard */; };
		3BFACE1026FA54570021FBC3 /* BoredActivity.swift in Sources */ = {isa = PBXBuildFile; fileRef = 3BFACE0F26FA54570021FBC3 /* BoredActivity.swift */; };
		3BFACE1426FA54F00021FBC3 /* BoredManager.swift in Sources */ = {isa = PBXBuildFile; fileRef = 3BFACE1326FA54F00021FBC3 /* BoredManager.swift */; };
		3BFACE1826FA5D440021FBC3 /* ErrorMessages.swift in Sources */ = {isa = PBXBuildFile; fileRef = 3BFACE1726FA5D440021FBC3 /* ErrorMessages.swift */; };
		3BFACE2126FA67020021FBC3 /* CardView.swift in Sources */ = {isa = PBXBuildFile; fileRef = 3BFACE2026FA67020021FBC3 /* CardView.swift */; };
		3BFACE2E26FA6D2F0021FBC3 /* UIView+ext.swift in Sources */ = {isa = PBXBuildFile; fileRef = 3BFACE2D26FA6D2F0021FBC3 /* UIView+ext.swift */; };
		3BFACE3226FA6F760021FBC3 /* ActivityType.swift in Sources */ = {isa = PBXBuildFile; fileRef = 3BFACE3126FA6F760021FBC3 /* ActivityType.swift */; };
		3BFD242A2712DEE0003EC134 /* SavedBoredActivity+CoreDataClass.swift in Sources */ = {isa = PBXBuildFile; fileRef = 3BFD24282712DEE0003EC134 /* SavedBoredActivity+CoreDataClass.swift */; };
		3BFD242B2712DEE0003EC134 /* SavedBoredActivity+CoreDataProperties.swift in Sources */ = {isa = PBXBuildFile; fileRef = 3BFD24292712DEE0003EC134 /* SavedBoredActivity+CoreDataProperties.swift */; };
/* End PBXBuildFile section */

/* Begin PBXFileReference section */
		1CDDAD67F929C96A1A2D9DD3 /* Pods-BoringApp.debug.xcconfig */ = {isa = PBXFileReference; includeInIndex = 1; lastKnownFileType = text.xcconfig; name = "Pods-BoringApp.debug.xcconfig"; path = "Target Support Files/Pods-BoringApp/Pods-BoringApp.debug.xcconfig"; sourceTree = "<group>"; };
		3B3B8FEB2712F50800976E15 /* BoringCollectionViewCell.swift */ = {isa = PBXFileReference; lastKnownFileType = sourcecode.swift; path = BoringCollectionViewCell.swift; sourceTree = "<group>"; };
		3B3B8FF2271304CD00976E15 /* UIHelper.swift */ = {isa = PBXFileReference; lastKnownFileType = sourcecode.swift; path = UIHelper.swift; sourceTree = "<group>"; };
		3B455DC52713821B00D7FEE7 /* CollectionTypeBlock.swift */ = {isa = PBXFileReference; lastKnownFileType = sourcecode.swift; path = CollectionTypeBlock.swift; sourceTree = "<group>"; };
		3B5CA0B927024C2100124469 /* BoredActivityStorage.xcdatamodel */ = {isa = PBXFileReference; lastKnownFileType = wrapper.xcdatamodel; path = BoredActivityStorage.xcdatamodel; sourceTree = "<group>"; };
		3B67845626FFB330000919AB /* UIColor+ext.swift */ = {isa = PBXFileReference; lastKnownFileType = sourcecode.swift; path = "UIColor+ext.swift"; sourceTree = "<group>"; };
		3B7AD2872702601200A8733F /* DataBaseManager.swift */ = {isa = PBXFileReference; lastKnownFileType = sourcecode.swift; path = DataBaseManager.swift; sourceTree = "<group>"; };
		3B7AD28B2702854D00A8733F /* BoringCell.swift */ = {isa = PBXFileReference; lastKnownFileType = sourcecode.swift; path = BoringCell.swift; sourceTree = "<group>"; };
		3B7AD28E270286FA00A8733F /* FavoritesViewController.swift */ = {isa = PBXFileReference; lastKnownFileType = sourcecode.swift; path = FavoritesViewController.swift; sourceTree = "<group>"; };
		3B8B44C526FD078300C7E60D /* SettingsViewController.swift */ = {isa = PBXFileReference; lastKnownFileType = sourcecode.swift; path = SettingsViewController.swift; sourceTree = "<group>"; };
		3B921FF426FD1DD4006F2F3C /* ParticipantsBlock.swift */ = {isa = PBXFileReference; lastKnownFileType = sourcecode.swift; path = ParticipantsBlock.swift; sourceTree = "<group>"; };
		3B921FFB26FD2359006F2F3C /* PriceBlock.swift */ = {isa = PBXFileReference; lastKnownFileType = sourcecode.swift; path = PriceBlock.swift; sourceTree = "<group>"; };
		3B921FFF26FD33C8006F2F3C /* SettingsViewBlock.swift */ = {isa = PBXFileReference; lastKnownFileType = sourcecode.swift; path = SettingsViewBlock.swift; sourceTree = "<group>"; };
		3BD16F0A2700799F001586BF /* BoringStackView.swift */ = {isa = PBXFileReference; lastKnownFileType = sourcecode.swift; path = BoringStackView.swift; sourceTree = "<group>"; };
		3BD16F0E27008D45001586BF /* UIViewController+ext.swift */ = {isa = PBXFileReference; lastKnownFileType = sourcecode.swift; path = "UIViewController+ext.swift"; sourceTree = "<group>"; };
		3BD16F1B2700D89C001586BF /* NotificationCenter.swift */ = {isa = PBXFileReference; lastKnownFileType = sourcecode.swift; path = NotificationCenter.swift; sourceTree = "<group>"; };
		3BD16F1E2700E2CF001586BF /* HalfBoredActivity.swift */ = {isa = PBXFileReference; lastKnownFileType = sourcecode.swift; path = HalfBoredActivity.swift; sourceTree = "<group>"; };
		3BF3B80526FB40F2006340DD /* ActivityLabel.swift */ = {isa = PBXFileReference; lastKnownFileType = sourcecode.swift; path = ActivityLabel.swift; sourceTree = "<group>"; };
		3BF3B80E26FB7EB3006340DD /* Constants.swift */ = {isa = PBXFileReference; lastKnownFileType = sourcecode.swift; path = Constants.swift; sourceTree = "<group>"; };
		3BF3B81F26FBBE77006340DD /* BoringButton.swift */ = {isa = PBXFileReference; lastKnownFileType = sourcecode.swift; path = BoringButton.swift; sourceTree = "<group>"; };
		3BF3B82626FBC2A9006340DD /* Protocols.swift */ = {isa = PBXFileReference; lastKnownFileType = sourcecode.swift; path = Protocols.swift; sourceTree = "<group>"; };
		3BF3B82C26FBC45B006340DD /* MyImageView.swift */ = {isa = PBXFileReference; lastKnownFileType = sourcecode.swift; path = MyImageView.swift; sourceTree = "<group>"; };
		3BFACDEE26FA54030021FBC3 /* BoringApp.app */ = {isa = PBXFileReference; explicitFileType = wrapper.application; includeInIndex = 0; path = BoringApp.app; sourceTree = BUILT_PRODUCTS_DIR; };
		3BFACDF126FA54030021FBC3 /* AppDelegate.swift */ = {isa = PBXFileReference; lastKnownFileType = sourcecode.swift; path = AppDelegate.swift; sourceTree = "<group>"; };
		3BFACDF326FA54030021FBC3 /* SceneDelegate.swift */ = {isa = PBXFileReference; lastKnownFileType = sourcecode.swift; path = SceneDelegate.swift; sourceTree = "<group>"; };
		3BFACDF526FA54030021FBC3 /* ViewController.swift */ = {isa = PBXFileReference; lastKnownFileType = sourcecode.swift; path = ViewController.swift; sourceTree = "<group>"; };
		3BFACDFA26FA54060021FBC3 /* Assets.xcassets */ = {isa = PBXFileReference; lastKnownFileType = folder.assetcatalog; path = Assets.xcassets; sourceTree = "<group>"; };
		3BFACDFD26FA54060021FBC3 /* Base */ = {isa = PBXFileReference; lastKnownFileType = file.storyboard; name = Base; path = Base.lproj/LaunchScreen.storyboard; sourceTree = "<group>"; };
		3BFACDFF26FA54060021FBC3 /* Info.plist */ = {isa = PBXFileReference; lastKnownFileType = text.plist.xml; path = Info.plist; sourceTree = "<group>"; };
		3BFACE0F26FA54570021FBC3 /* BoredActivity.swift */ = {isa = PBXFileReference; lastKnownFileType = sourcecode.swift; path = BoredActivity.swift; sourceTree = "<group>"; };
		3BFACE1326FA54F00021FBC3 /* BoredManager.swift */ = {isa = PBXFileReference; lastKnownFileType = sourcecode.swift; path = BoredManager.swift; sourceTree = "<group>"; };
		3BFACE1726FA5D440021FBC3 /* ErrorMessages.swift */ = {isa = PBXFileReference; lastKnownFileType = sourcecode.swift; path = ErrorMessages.swift; sourceTree = "<group>"; };
		3BFACE2026FA67020021FBC3 /* CardView.swift */ = {isa = PBXFileReference; lastKnownFileType = sourcecode.swift; path = CardView.swift; sourceTree = "<group>"; };
		3BFACE2D26FA6D2F0021FBC3 /* UIView+ext.swift */ = {isa = PBXFileReference; lastKnownFileType = sourcecode.swift; path = "UIView+ext.swift"; sourceTree = "<group>"; };
		3BFACE3126FA6F760021FBC3 /* ActivityType.swift */ = {isa = PBXFileReference; lastKnownFileType = sourcecode.swift; path = ActivityType.swift; sourceTree = "<group>"; };
		3BFD24282712DEE0003EC134 /* SavedBoredActivity+CoreDataClass.swift */ = {isa = PBXFileReference; lastKnownFileType = sourcecode.swift; name = "SavedBoredActivity+CoreDataClass.swift"; path = "BoringApp/SavedBoredActivity+CoreDataClass.swift"; sourceTree = SOURCE_ROOT; };
		3BFD24292712DEE0003EC134 /* SavedBoredActivity+CoreDataProperties.swift */ = {isa = PBXFileReference; lastKnownFileType = sourcecode.swift; name = "SavedBoredActivity+CoreDataProperties.swift"; path = "BoringApp/SavedBoredActivity+CoreDataProperties.swift"; sourceTree = SOURCE_ROOT; };
		66D99AEBAC04D31549A040E5 /* Pods_BoringApp.framework */ = {isa = PBXFileReference; explicitFileType = wrapper.framework; includeInIndex = 0; path = Pods_BoringApp.framework; sourceTree = BUILT_PRODUCTS_DIR; };
		D30DCF317902971B70B405F1 /* Pods-BoringApp.release.xcconfig */ = {isa = PBXFileReference; includeInIndex = 1; lastKnownFileType = text.xcconfig; name = "Pods-BoringApp.release.xcconfig"; path = "Target Support Files/Pods-BoringApp/Pods-BoringApp.release.xcconfig"; sourceTree = "<group>"; };
/* End PBXFileReference section */

/* Begin PBXFrameworksBuildPhase section */
		3BFACDEB26FA54030021FBC3 /* Frameworks */ = {
			isa = PBXFrameworksBuildPhase;
			buildActionMask = 2147483647;
			files = (
				1C4EB4E7DEE0652896A1AA86 /* Pods_BoringApp.framework in Frameworks */,
			);
			runOnlyForDeploymentPostprocessing = 0;
		};
/* End PBXFrameworksBuildPhase section */

/* Begin PBXGroup section */
		0CEE399316F27683C38F1248 /* Frameworks */ = {
			isa = PBXGroup;
			children = (
				66D99AEBAC04D31549A040E5 /* Pods_BoringApp.framework */,
			);
			name = Frameworks;
			sourceTree = "<group>";
		};
		3B5CA0B727024BF600124469 /* DataBase */ = {
			isa = PBXGroup;
			children = (
				3BFD24282712DEE0003EC134 /* SavedBoredActivity+CoreDataClass.swift */,
				3BFD24292712DEE0003EC134 /* SavedBoredActivity+CoreDataProperties.swift */,
				3B5CA0B827024C2100124469 /* BoringApp.xcdatamodeld */,
			);
			path = DataBase;
			sourceTree = "<group>";
		};
		3B7AD28A2702853500A8733F /* Cells */ = {
			isa = PBXGroup;
			children = (
				3B7AD28B2702854D00A8733F /* BoringCell.swift */,
				3B3B8FEB2712F50800976E15 /* BoringCollectionViewCell.swift */,
			);
			path = Cells;
			sourceTree = "<group>";
		};
		3B9B684C2715AE6200457D34 /* StackViewa */ = {
			isa = PBXGroup;
			children = (
				3B921FF426FD1DD4006F2F3C /* ParticipantsBlock.swift */,
				3BD16F0A2700799F001586BF /* BoringStackView.swift */,
			);
			path = StackViewa;
			sourceTree = "<group>";
		};
		3B9B68502715AEB100457D34 /* Labels */ = {
			isa = PBXGroup;
			children = (
				3BF3B80526FB40F2006340DD /* ActivityLabel.swift */,
				3BFACE3126FA6F760021FBC3 /* ActivityType.swift */,
			);
			path = Labels;
			sourceTree = "<group>";
		};
		3B9B68512715AEC400457D34 /* ImageViews */ = {
			isa = PBXGroup;
			children = (
				3BF3B82C26FBC45B006340DD /* MyImageView.swift */,
			);
			path = ImageViews;
			sourceTree = "<group>";
		};
		3BF3B82526FBC29E006340DD /* Protocols */ = {
			isa = PBXGroup;
			children = (
				3BF3B82626FBC2A9006340DD /* Protocols.swift */,
			);
			path = Protocols;
			sourceTree = "<group>";
		};
		3BFACDE526FA54030021FBC3 = {
			isa = PBXGroup;
			children = (
				3BFACDF026FA54030021FBC3 /* BoringApp */,
				3BFACDEF26FA54030021FBC3 /* Products */,
				6F437323C32F6AAC0E3E31C5 /* Pods */,
				0CEE399316F27683C38F1248 /* Frameworks */,
			);
			sourceTree = "<group>";
		};
		3BFACDEF26FA54030021FBC3 /* Products */ = {
			isa = PBXGroup;
			children = (
				3BFACDEE26FA54030021FBC3 /* BoringApp.app */,
			);
			name = Products;
			sourceTree = "<group>";
		};
		3BFACDF026FA54030021FBC3 /* BoringApp */ = {
			isa = PBXGroup;
			children = (
				3B5CA0B727024BF600124469 /* DataBase */,
				3BF3B82526FBC29E006340DD /* Protocols */,
				3BFACE2C26FA6D220021FBC3 /* Extensions */,
				3BFACE1F26FA66F10021FBC3 /* Custom Views */,
				3BFACE1626FA5D370021FBC3 /* Utilities */,
				3BFACE0E26FA544D0021FBC3 /* Managers */,
				3BFACE0C26FA54420021FBC3 /* Models */,
				3BFACE0626FA54160021FBC3 /* Support */,
				3BFACE0826FA54200021FBC3 /* Controllers */,
				3BFACDFA26FA54060021FBC3 /* Assets.xcassets */,
				3BFACDFC26FA54060021FBC3 /* LaunchScreen.storyboard */,
				3BFACDFF26FA54060021FBC3 /* Info.plist */,
			);
			path = BoringApp;
			sourceTree = "<group>";
		};
		3BFACE0626FA54160021FBC3 /* Support */ = {
			isa = PBXGroup;
			children = (
				3BFACDF126FA54030021FBC3 /* AppDelegate.swift */,
				3BFACDF326FA54030021FBC3 /* SceneDelegate.swift */,
			);
			path = Support;
			sourceTree = "<group>";
		};
		3BFACE0826FA54200021FBC3 /* Controllers */ = {
			isa = PBXGroup;
			children = (
				3BFACDF526FA54030021FBC3 /* ViewController.swift */,
				3B8B44C526FD078300C7E60D /* SettingsViewController.swift */,
				3B7AD28E270286FA00A8733F /* FavoritesViewController.swift */,
			);
			path = Controllers;
			sourceTree = "<group>";
		};
		3BFACE0C26FA54420021FBC3 /* Models */ = {
			isa = PBXGroup;
			children = (
				3BFACE0F26FA54570021FBC3 /* BoredActivity.swift */,
				3BD16F1E2700E2CF001586BF /* HalfBoredActivity.swift */,
			);
			path = Models;
			sourceTree = "<group>";
		};
		3BFACE0E26FA544D0021FBC3 /* Managers */ = {
			isa = PBXGroup;
			children = (
				3BFACE1326FA54F00021FBC3 /* BoredManager.swift */,
				3B7AD2872702601200A8733F /* DataBaseManager.swift */,
			);
			path = Managers;
			sourceTree = "<group>";
		};
		3BFACE1626FA5D370021FBC3 /* Utilities */ = {
			isa = PBXGroup;
			children = (
				3BFACE1726FA5D440021FBC3 /* ErrorMessages.swift */,
				3BF3B80E26FB7EB3006340DD /* Constants.swift */,
				3B3B8FF2271304CD00976E15 /* UIHelper.swift */,
			);
			path = Utilities;
			sourceTree = "<group>";
		};
		3BFACE1F26FA66F10021FBC3 /* Custom Views */ = {
			isa = PBXGroup;
			children = (
				3B9B68512715AEC400457D34 /* ImageViews */,
				3B9B68502715AEB100457D34 /* Labels */,
				3B9B684C2715AE6200457D34 /* StackViewa */,
				3B7AD28A2702853500A8733F /* Cells */,
				3BFACE2726FA6BEF0021FBC3 /* Buttons */,
				3BFACE2626FA6BD90021FBC3 /* Views */,
			);
			path = "Custom Views";
			sourceTree = "<group>";
		};
		3BFACE2626FA6BD90021FBC3 /* Views */ = {
			isa = PBXGroup;
			children = (
				3B921FFF26FD33C8006F2F3C /* SettingsViewBlock.swift */,
				3BFACE2026FA67020021FBC3 /* CardView.swift */,
				3B921FFB26FD2359006F2F3C /* PriceBlock.swift */,
				3B455DC52713821B00D7FEE7 /* CollectionTypeBlock.swift */,
			);
			path = Views;
			sourceTree = "<group>";
		};
		3BFACE2726FA6BEF0021FBC3 /* Buttons */ = {
			isa = PBXGroup;
			children = (
				3BF3B81F26FBBE77006340DD /* BoringButton.swift */,
			);
			path = Buttons;
			sourceTree = "<group>";
		};
		3BFACE2C26FA6D220021FBC3 /* Extensions */ = {
			isa = PBXGroup;
			children = (
				3BFACE2D26FA6D2F0021FBC3 /* UIView+ext.swift */,
				3B67845626FFB330000919AB /* UIColor+ext.swift */,
				3BD16F0E27008D45001586BF /* UIViewController+ext.swift */,
				3BD16F1B2700D89C001586BF /* NotificationCenter.swift */,
			);
			path = Extensions;
			sourceTree = "<group>";
		};
		6F437323C32F6AAC0E3E31C5 /* Pods */ = {
			isa = PBXGroup;
			children = (
				1CDDAD67F929C96A1A2D9DD3 /* Pods-BoringApp.debug.xcconfig */,
				D30DCF317902971B70B405F1 /* Pods-BoringApp.release.xcconfig */,
			);
			path = Pods;
			sourceTree = "<group>";
		};
/* End PBXGroup section */

/* Begin PBXNativeTarget section */
		3BFACDED26FA54030021FBC3 /* BoringApp */ = {
			isa = PBXNativeTarget;
			buildConfigurationList = 3BFACE0226FA54060021FBC3 /* Build configuration list for PBXNativeTarget "BoringApp" */;
			buildPhases = (
				0CB66D9072912B8279C1429E /* [CP] Check Pods Manifest.lock */,
				3BFACDEA26FA54030021FBC3 /* Sources */,
				3BFACDEB26FA54030021FBC3 /* Frameworks */,
				3BFACDEC26FA54030021FBC3 /* Resources */,
				3DA1855C6E8D39B2550F3239 /* [CP] Embed Pods Frameworks */,
			);
			buildRules = (
			);
			dependencies = (
			);
			name = BoringApp;
			productName = BoringApp;
			productReference = 3BFACDEE26FA54030021FBC3 /* BoringApp.app */;
			productType = "com.apple.product-type.application";
		};
/* End PBXNativeTarget section */

/* Begin PBXProject section */
		3BFACDE626FA54030021FBC3 /* Project object */ = {
			isa = PBXProject;
			attributes = {
				LastSwiftUpdateCheck = 1230;
				LastUpgradeCheck = 1230;
				TargetAttributes = {
					3BFACDED26FA54030021FBC3 = {
						CreatedOnToolsVersion = 12.3;
					};
				};
			};
			buildConfigurationList = 3BFACDE926FA54030021FBC3 /* Build configuration list for PBXProject "BoringApp" */;
			compatibilityVersion = "Xcode 9.3";
			developmentRegion = en;
			hasScannedForEncodings = 0;
			knownRegions = (
				en,
				Base,
			);
			mainGroup = 3BFACDE526FA54030021FBC3;
			productRefGroup = 3BFACDEF26FA54030021FBC3 /* Products */;
			projectDirPath = "";
			projectRoot = "";
			targets = (
				3BFACDED26FA54030021FBC3 /* BoringApp */,
			);
		};
/* End PBXProject section */

/* Begin PBXResourcesBuildPhase section */
		3BFACDEC26FA54030021FBC3 /* Resources */ = {
			isa = PBXResourcesBuildPhase;
			buildActionMask = 2147483647;
			files = (
				3BFACDFE26FA54060021FBC3 /* LaunchScreen.storyboard in Resources */,
				3BFACDFB26FA54060021FBC3 /* Assets.xcassets in Resources */,
			);
			runOnlyForDeploymentPostprocessing = 0;
		};
/* End PBXResourcesBuildPhase section */

/* Begin PBXShellScriptBuildPhase section */
		0CB66D9072912B8279C1429E /* [CP] Check Pods Manifest.lock */ = {
			isa = PBXShellScriptBuildPhase;
			buildActionMask = 2147483647;
			files = (
			);
			inputFileListPaths = (
			);
			inputPaths = (
				"${PODS_PODFILE_DIR_PATH}/Podfile.lock",
				"${PODS_ROOT}/Manifest.lock",
			);
			name = "[CP] Check Pods Manifest.lock";
			outputFileListPaths = (
			);
			outputPaths = (
				"$(DERIVED_FILE_DIR)/Pods-BoringApp-checkManifestLockResult.txt",
			);
			runOnlyForDeploymentPostprocessing = 0;
			shellPath = /bin/sh;
			shellScript = "diff \"${PODS_PODFILE_DIR_PATH}/Podfile.lock\" \"${PODS_ROOT}/Manifest.lock\" > /dev/null\nif [ $? != 0 ] ; then\n    # print error to STDERR\n    echo \"error: The sandbox is not in sync with the Podfile.lock. Run 'pod install' or update your CocoaPods installation.\" >&2\n    exit 1\nfi\n# This output is used by Xcode 'outputs' to avoid re-running this script phase.\necho \"SUCCESS\" > \"${SCRIPT_OUTPUT_FILE_0}\"\n";
			showEnvVarsInLog = 0;
		};
		3DA1855C6E8D39B2550F3239 /* [CP] Embed Pods Frameworks */ = {
			isa = PBXShellScriptBuildPhase;
			buildActionMask = 2147483647;
			files = (
			);
			inputFileListPaths = (
				"${PODS_ROOT}/Target Support Files/Pods-BoringApp/Pods-BoringApp-frameworks-${CONFIGURATION}-input-files.xcfilelist",
			);
			name = "[CP] Embed Pods Frameworks";
			outputFileListPaths = (
				"${PODS_ROOT}/Target Support Files/Pods-BoringApp/Pods-BoringApp-frameworks-${CONFIGURATION}-output-files.xcfilelist",
			);
			runOnlyForDeploymentPostprocessing = 0;
			shellPath = /bin/sh;
			shellScript = "\"${PODS_ROOT}/Target Support Files/Pods-BoringApp/Pods-BoringApp-frameworks.sh\"\n";
			showEnvVarsInLog = 0;
		};
/* End PBXShellScriptBuildPhase section */

/* Begin PBXSourcesBuildPhase section */
		3BFACDEA26FA54030021FBC3 /* Sources */ = {
			isa = PBXSourcesBuildPhase;
			buildActionMask = 2147483647;
			files = (
				3BD16F0B2700799F001586BF /* BoringStackView.swift in Sources */,
				3BFACE2126FA67020021FBC3 /* CardView.swift in Sources */,
				3BFD242A2712DEE0003EC134 /* SavedBoredActivity+CoreDataClass.swift in Sources */,
				3BFACE3226FA6F760021FBC3 /* ActivityType.swift in Sources */,
				3BFACDF626FA54030021FBC3 /* ViewController.swift in Sources */,
				3B7AD2882702601200A8733F /* DataBaseManager.swift in Sources */,
				3BF3B80626FB40F2006340DD /* ActivityLabel.swift in Sources */,
				3BFACE1026FA54570021FBC3 /* BoredActivity.swift in Sources */,
				3BD16F1C2700D89C001586BF /* NotificationCenter.swift in Sources */,
				3B7AD28C2702854D00A8733F /* BoringCell.swift in Sources */,
				3B7AD28F270286FA00A8733F /* FavoritesViewController.swift in Sources */,
				3B8B44C626FD078300C7E60D /* SettingsViewController.swift in Sources */,
				3BFACE2E26FA6D2F0021FBC3 /* UIView+ext.swift in Sources */,
				3BD16F1F2700E2CF001586BF /* HalfBoredActivity.swift in Sources */,
				3BF3B80F26FB7EB3006340DD /* Constants.swift in Sources */,
				3B67845726FFB330000919AB /* UIColor+ext.swift in Sources */,
				3B5CA0BA27024C2100124469 /* BoringApp.xcdatamodeld in Sources */,
				3B92200026FD33C8006F2F3C /* SettingsViewBlock.swift in Sources */,
				3BFACDF226FA54030021FBC3 /* AppDelegate.swift in Sources */,
				3B3B8FF3271304CD00976E15 /* UIHelper.swift in Sources */,
				3B921FFC26FD2359006F2F3C /* PriceBlock.swift in Sources */,
				3BFACDF426FA54030021FBC3 /* SceneDelegate.swift in Sources */,
				3BF3B82026FBBE77006340DD /* BoringButton.swift in Sources */,
				3BFD242B2712DEE0003EC134 /* SavedBoredActivity+CoreDataProperties.swift in Sources */,
				3BD16F0F27008D45001586BF /* UIViewController+ext.swift in Sources */,
				3B3B8FEC2712F50800976E15 /* BoringCollectionViewCell.swift in Sources */,
				3BFACE1826FA5D440021FBC3 /* ErrorMessages.swift in Sources */,
				3B455DC62713821B00D7FEE7 /* CollectionTypeBlock.swift in Sources */,
				3BFACE1426FA54F00021FBC3 /* BoredManager.swift in Sources */,
				3B921FF526FD1DD4006F2F3C /* ParticipantsBlock.swift in Sources */,
				3BF3B82D26FBC45B006340DD /* MyImageView.swift in Sources */,
				3BF3B82726FBC2A9006340DD /* Protocols.swift in Sources */,
			);
			runOnlyForDeploymentPostprocessing = 0;
		};
/* End PBXSourcesBuildPhase section */

/* Begin PBXVariantGroup section */
		3BFACDFC26FA54060021FBC3 /* LaunchScreen.storyboard */ = {
			isa = PBXVariantGroup;
			children = (
				3BFACDFD26FA54060021FBC3 /* Base */,
			);
			name = LaunchScreen.storyboard;
			sourceTree = "<group>";
		};
/* End PBXVariantGroup section */

/* Begin XCBuildConfiguration section */
		3BFACE0026FA54060021FBC3 /* Debug */ = {
			isa = XCBuildConfiguration;
			buildSettings = {
				ALWAYS_SEARCH_USER_PATHS = NO;
				CLANG_ANALYZER_NONNULL = YES;
				CLANG_ANALYZER_NUMBER_OBJECT_CONVERSION = YES_AGGRESSIVE;
				CLANG_CXX_LANGUAGE_STANDARD = "gnu++14";
				CLANG_CXX_LIBRARY = "libc++";
				CLANG_ENABLE_MODULES = YES;
				CLANG_ENABLE_OBJC_ARC = YES;
				CLANG_ENABLE_OBJC_WEAK = YES;
				CLANG_WARN_BLOCK_CAPTURE_AUTORELEASING = YES;
				CLANG_WARN_BOOL_CONVERSION = YES;
				CLANG_WARN_COMMA = YES;
				CLANG_WARN_CONSTANT_CONVERSION = YES;
				CLANG_WARN_DEPRECATED_OBJC_IMPLEMENTATIONS = YES;
				CLANG_WARN_DIRECT_OBJC_ISA_USAGE = YES_ERROR;
				CLANG_WARN_DOCUMENTATION_COMMENTS = YES;
				CLANG_WARN_EMPTY_BODY = YES;
				CLANG_WARN_ENUM_CONVERSION = YES;
				CLANG_WARN_INFINITE_RECURSION = YES;
				CLANG_WARN_INT_CONVERSION = YES;
				CLANG_WARN_NON_LITERAL_NULL_CONVERSION = YES;
				CLANG_WARN_OBJC_IMPLICIT_RETAIN_SELF = YES;
				CLANG_WARN_OBJC_LITERAL_CONVERSION = YES;
				CLANG_WARN_OBJC_ROOT_CLASS = YES_ERROR;
				CLANG_WARN_QUOTED_INCLUDE_IN_FRAMEWORK_HEADER = YES;
				CLANG_WARN_RANGE_LOOP_ANALYSIS = YES;
				CLANG_WARN_STRICT_PROTOTYPES = YES;
				CLANG_WARN_SUSPICIOUS_MOVE = YES;
				CLANG_WARN_UNGUARDED_AVAILABILITY = YES_AGGRESSIVE;
				CLANG_WARN_UNREACHABLE_CODE = YES;
				CLANG_WARN__DUPLICATE_METHOD_MATCH = YES;
				COPY_PHASE_STRIP = NO;
				DEBUG_INFORMATION_FORMAT = dwarf;
				ENABLE_STRICT_OBJC_MSGSEND = YES;
				ENABLE_TESTABILITY = YES;
				GCC_C_LANGUAGE_STANDARD = gnu11;
				GCC_DYNAMIC_NO_PIC = NO;
				GCC_NO_COMMON_BLOCKS = YES;
				GCC_OPTIMIZATION_LEVEL = 0;
				GCC_PREPROCESSOR_DEFINITIONS = (
					"DEBUG=1",
					"$(inherited)",
				);
				GCC_WARN_64_TO_32_BIT_CONVERSION = YES;
				GCC_WARN_ABOUT_RETURN_TYPE = YES_ERROR;
				GCC_WARN_UNDECLARED_SELECTOR = YES;
				GCC_WARN_UNINITIALIZED_AUTOS = YES_AGGRESSIVE;
				GCC_WARN_UNUSED_FUNCTION = YES;
				GCC_WARN_UNUSED_VARIABLE = YES;
				IPHONEOS_DEPLOYMENT_TARGET = 14.3;
				MTL_ENABLE_DEBUG_INFO = INCLUDE_SOURCE;
				MTL_FAST_MATH = YES;
				ONLY_ACTIVE_ARCH = YES;
				SDKROOT = iphoneos;
				SWIFT_ACTIVE_COMPILATION_CONDITIONS = DEBUG;
				SWIFT_OPTIMIZATION_LEVEL = "-Onone";
			};
			name = Debug;
		};
		3BFACE0126FA54060021FBC3 /* Release */ = {
			isa = XCBuildConfiguration;
			buildSettings = {
				ALWAYS_SEARCH_USER_PATHS = NO;
				CLANG_ANALYZER_NONNULL = YES;
				CLANG_ANALYZER_NUMBER_OBJECT_CONVERSION = YES_AGGRESSIVE;
				CLANG_CXX_LANGUAGE_STANDARD = "gnu++14";
				CLANG_CXX_LIBRARY = "libc++";
				CLANG_ENABLE_MODULES = YES;
				CLANG_ENABLE_OBJC_ARC = YES;
				CLANG_ENABLE_OBJC_WEAK = YES;
				CLANG_WARN_BLOCK_CAPTURE_AUTORELEASING = YES;
				CLANG_WARN_BOOL_CONVERSION = YES;
				CLANG_WARN_COMMA = YES;
				CLANG_WARN_CONSTANT_CONVERSION = YES;
				CLANG_WARN_DEPRECATED_OBJC_IMPLEMENTATIONS = YES;
				CLANG_WARN_DIRECT_OBJC_ISA_USAGE = YES_ERROR;
				CLANG_WARN_DOCUMENTATION_COMMENTS = YES;
				CLANG_WARN_EMPTY_BODY = YES;
				CLANG_WARN_ENUM_CONVERSION = YES;
				CLANG_WARN_INFINITE_RECURSION = YES;
				CLANG_WARN_INT_CONVERSION = YES;
				CLANG_WARN_NON_LITERAL_NULL_CONVERSION = YES;
				CLANG_WARN_OBJC_IMPLICIT_RETAIN_SELF = YES;
				CLANG_WARN_OBJC_LITERAL_CONVERSION = YES;
				CLANG_WARN_OBJC_ROOT_CLASS = YES_ERROR;
				CLANG_WARN_QUOTED_INCLUDE_IN_FRAMEWORK_HEADER = YES;
				CLANG_WARN_RANGE_LOOP_ANALYSIS = YES;
				CLANG_WARN_STRICT_PROTOTYPES = YES;
				CLANG_WARN_SUSPICIOUS_MOVE = YES;
				CLANG_WARN_UNGUARDED_AVAILABILITY = YES_AGGRESSIVE;
				CLANG_WARN_UNREACHABLE_CODE = YES;
				CLANG_WARN__DUPLICATE_METHOD_MATCH = YES;
				COPY_PHASE_STRIP = NO;
				DEBUG_INFORMATION_FORMAT = "dwarf-with-dsym";
				ENABLE_NS_ASSERTIONS = NO;
				ENABLE_STRICT_OBJC_MSGSEND = YES;
				GCC_C_LANGUAGE_STANDARD = gnu11;
				GCC_NO_COMMON_BLOCKS = YES;
				GCC_WARN_64_TO_32_BIT_CONVERSION = YES;
				GCC_WARN_ABOUT_RETURN_TYPE = YES_ERROR;
				GCC_WARN_UNDECLARED_SELECTOR = YES;
				GCC_WARN_UNINITIALIZED_AUTOS = YES_AGGRESSIVE;
				GCC_WARN_UNUSED_FUNCTION = YES;
				GCC_WARN_UNUSED_VARIABLE = YES;
				IPHONEOS_DEPLOYMENT_TARGET = 14.3;
				MTL_ENABLE_DEBUG_INFO = NO;
				MTL_FAST_MATH = YES;
				SDKROOT = iphoneos;
				SWIFT_COMPILATION_MODE = wholemodule;
				SWIFT_OPTIMIZATION_LEVEL = "-O";
				VALIDATE_PRODUCT = YES;
			};
			name = Release;
		};
		3BFACE0326FA54060021FBC3 /* Debug */ = {
			isa = XCBuildConfiguration;
			baseConfigurationReference = 1CDDAD67F929C96A1A2D9DD3 /* Pods-BoringApp.debug.xcconfig */;
			buildSettings = {
				ASSETCATALOG_COMPILER_APPICON_NAME = AppIcon;
				ASSETCATALOG_COMPILER_GLOBAL_ACCENT_COLOR_NAME = AccentColor;
				CODE_SIGN_STYLE = Automatic;
				DEVELOPMENT_TEAM = 8UD456XZTK;
				INFOPLIST_FILE = BoringApp/Info.plist;
				LD_RUNPATH_SEARCH_PATHS = (
					"$(inherited)",
					"@executable_path/Frameworks",
				);
				PRODUCT_BUNDLE_IDENTIFIER = com.ivanovua.BoringApp;
				PRODUCT_NAME = "$(TARGET_NAME)";
				SWIFT_VERSION = 5.0;
				TARGETED_DEVICE_FAMILY = "1,2";
			};
			name = Debug;
		};
		3BFACE0426FA54060021FBC3 /* Release */ = {
			isa = XCBuildConfiguration;
			baseConfigurationReference = D30DCF317902971B70B405F1 /* Pods-BoringApp.release.xcconfig */;
			buildSettings = {
				ASSETCATALOG_COMPILER_APPICON_NAME = AppIcon;
				ASSETCATALOG_COMPILER_GLOBAL_ACCENT_COLOR_NAME = AccentColor;
				CODE_SIGN_STYLE = Automatic;
				DEVELOPMENT_TEAM = 8UD456XZTK;
				INFOPLIST_FILE = BoringApp/Info.plist;
				LD_RUNPATH_SEARCH_PATHS = (
					"$(inherited)",
					"@executable_path/Frameworks",
				);
				PRODUCT_BUNDLE_IDENTIFIER = com.ivanovua.BoringApp;
				PRODUCT_NAME = "$(TARGET_NAME)";
				SWIFT_VERSION = 5.0;
				TARGETED_DEVICE_FAMILY = "1,2";
			};
			name = Release;
		};
/* End XCBuildConfiguration section */

/* Begin XCConfigurationList section */
		3BFACDE926FA54030021FBC3 /* Build configuration list for PBXProject "BoringApp" */ = {
			isa = XCConfigurationList;
			buildConfigurations = (
				3BFACE0026FA54060021FBC3 /* Debug */,
				3BFACE0126FA54060021FBC3 /* Release */,
			);
			defaultConfigurationIsVisible = 0;
			defaultConfigurationName = Release;
		};
		3BFACE0226FA54060021FBC3 /* Build configuration list for PBXNativeTarget "BoringApp" */ = {
			isa = XCConfigurationList;
			buildConfigurations = (
				3BFACE0326FA54060021FBC3 /* Debug */,
				3BFACE0426FA54060021FBC3 /* Release */,
			);
			defaultConfigurationIsVisible = 0;
			defaultConfigurationName = Release;
		};
/* End XCConfigurationList section */

/* Begin XCVersionGroup section */
		3B5CA0B827024C2100124469 /* BoringApp.xcdatamodeld */ = {
			isa = XCVersionGroup;
			children = (
				3B5CA0B927024C2100124469 /* BoredActivityStorage.xcdatamodel */,
			);
			currentVersion = 3B5CA0B927024C2100124469 /* BoredActivityStorage.xcdatamodel */;
			path = BoringApp.xcdatamodeld;
			sourceTree = "<group>";
			versionGroupType = wrapper.xcdatamodel;
		};
/* End XCVersionGroup section */
	};
	rootObject = 3BFACDE626FA54030021FBC3 /* Project object */;
}
